
Microsoft Visual Studio Solution File, Format Version 12.00
# Visual Studio 2012
Project("{FAE04EC0-301F-11D3-BF4B-00C04F79EFBC}") = "SignalRConsoleCSharp", "SignalRConsoleCSharp\SignalRConsoleCSharp.csproj", "{889974F3-2B7B-4146-9A57-75F91EE588BD}"
EndProject
Global
	GlobalSection(SolutionConfigurationPlatforms) = preSolution
		Debug|Any CPU = Debug|Any CPU
		Release|Any CPU = Release|Any CPU
	EndGlobalSection
	GlobalSection(ProjectConfigurationPlatforms) = postSolution
		{889974F3-2B7B-4146-9A57-75F91EE588BD}.Debug|Any CPU.ActiveCfg = Debug|Any CPU
		{889974F3-2B7B-4146-9A57-75F91EE588BD}.Debug|Any CPU.Build.0 = Debug|Any CPU
		{889974F3-2B7B-4146-9A57-75F91EE588BD}.Release|Any CPU.ActiveCfg = Release|Any CPU
		{889974F3-2B7B-4146-9A57-75F91EE588BD}.Release|Any CPU.Build.0 = Release|Any CPU
	EndGlobalSection
	GlobalSection(SolutionProperties) = preSolution
		HideSolutionNode = FALSE
	EndGlobalSection
EndGlobal
